
Microsoft Visual Studio Solution File, Format Version 12.00
# Visual Studio Version 16
VisualStudioVersion = 16.0.31624.102
MinimumVisualStudioVersion = 10.0.40219.1
Project("{8BC9CEB8-8B4A-11D0-8D11-00A0C91BC942}") = "7E", "7E\7E.vcxproj", "{299271C0-F5E6-4EC3-A99B-DAFB6CA61D0C}"
EndProject
Global
	GlobalSection(SolutionConfigurationPlatforms) = preSolution
		Debug|x64 = Debug|x64
		Debug|x86 = Debug|x86
		Release|x64 = Release|x64
		Release|x86 = Release|x86
	EndGlobalSection
	GlobalSection(ProjectConfigurationPlatforms) = postSolution
		{299271C0-F5E6-4EC3-A99B-DAFB6CA61D0C}.Debug|x64.ActiveCfg = Debug|x64
		{299271C0-F5E6-4EC3-A99B-DAFB6CA61D0C}.Debug|x64.Build.0 = Debug|x64
		{299271C0-F5E6-4EC3-A99B-DAFB6CA61D0C}.Debug|x86.ActiveCfg = Debug|Win32
		{299271C0-F5E6-4EC3-A99B-DAFB6CA61D0C}.Debug|x86.Build.0 = Debug|Win32
		{299271C0-F5E6-4EC3-A99B-DAFB6CA61D0C}.Release|x64.ActiveCfg = Release|x64
		{299271C0-F5E6-4EC3-A99B-DAFB6CA61D0C}.Release|x64.Build.0 = Release|x64
		{299271C0-F5E6-4EC3-A99B-DAFB6CA61D0C}.Release|x86.ActiveCfg = Release|Win32
		{299271C0-F5E6-4EC3-A99B-DAFB6CA61D0C}.Release|x86.Build.0 = Release|Win32
	EndGlobalSection
	GlobalSection(SolutionProperties) = preSolution
		HideSolutionNode = FALSE
	EndGlobalSection
	GlobalSection(ExtensibilityGlobals) = postSolution
		SolutionGuid = {79562F89-93DB-419C-B8F0-CE2881719628}
	EndGlobalSection
EndGlobal
